// !$*UTF8*$!
{
	archiveVersion = 1;
	classes = {
	};
	objectVersion = 50;
	objects = {

/* Begin PBXBuildFile section */
		CF21C32E2655A5BF00CBD7F8 /* Core.framework in Frameworks */ = {isa = PBXBuildFile; fileRef = CFFF1D3126556E920018B57D /* Core.framework */; };
		CF21C32F2655A5BF00CBD7F8 /* Core.framework in Embed Frameworks */ = {isa = PBXBuildFile; fileRef = CFFF1D3126556E920018B57D /* Core.framework */; settings = {ATTRIBUTES = (CodeSignOnCopy, RemoveHeadersOnCopy, ); }; };
		CF7D180E26510DBF003A3DA9 /* Presentation.framework in Frameworks */ = {isa = PBXBuildFile; fileRef = CF7D180426510DBF003A3DA9 /* Presentation.framework */; };
		CF7D181526510DBF003A3DA9 /* Presentation.h in Headers */ = {isa = PBXBuildFile; fileRef = CF7D180726510DBF003A3DA9 /* Presentation.h */; settings = {ATTRIBUTES = (Public, ); }; };
		CF8DD1812657B096007B68D8 /* LaunchPresentableItemInfoTests.swift in Sources */ = {isa = PBXBuildFile; fileRef = CF8DD1802657B095007B68D8 /* LaunchPresentableItemInfoTests.swift */; };
		CFD8A94926581B4D000D4BF3 /* Data.framework in Frameworks */ = {isa = PBXBuildFile; fileRef = CFD8A94826581B4D000D4BF3 /* Data.framework */; };
		CFD8A94A26581B4D000D4BF3 /* Data.framework in Embed Frameworks */ = {isa = PBXBuildFile; fileRef = CFD8A94826581B4D000D4BF3 /* Data.framework */; settings = {ATTRIBUTES = (CodeSignOnCopy, RemoveHeadersOnCopy, ); }; };
		CFF43E462653F6570029698D /* ListPresesnter.swift in Sources */ = {isa = PBXBuildFile; fileRef = CFF43E452653F6570029698D /* ListPresesnter.swift */; };
		CFF43E4B265414A90029698D /* Presenter.swift in Sources */ = {isa = PBXBuildFile; fileRef = CFF43E4A265414A90029698D /* Presenter.swift */; };
		CFF43E4F2654254F0029698D /* ProcessingDisplayable.swift in Sources */ = {isa = PBXBuildFile; fileRef = CFF43E4E2654254F0029698D /* ProcessingDisplayable.swift */; };
		CFF43E6A265442230029698D /* ViewReloader.swift in Sources */ = {isa = PBXBuildFile; fileRef = CFF43E69265442230029698D /* ViewReloader.swift */; };
		CFF43E7C26545FED0029698D /* LaunchPresentableItem.swift in Sources */ = {isa = PBXBuildFile; fileRef = CFF43E7B26545FED0029698D /* LaunchPresentableItem.swift */; };
		CFF43E80265462460029698D /* CompanyInfoPresentableItem.swift in Sources */ = {isa = PBXBuildFile; fileRef = CFF43E7F265462460029698D /* CompanyInfoPresentableItem.swift */; };
		CFFF1E59265590110018B57D /* HeaderPresentableItem.swift in Sources */ = {isa = PBXBuildFile; fileRef = CFFF1E58265590110018B57D /* HeaderPresentableItem.swift */; };
/* End PBXBuildFile section */

/* Begin PBXContainerItemProxy section */
		CF7D180F26510DBF003A3DA9 /* PBXContainerItemProxy */ = {
			isa = PBXContainerItemProxy;
			containerPortal = CF4D56D82650453F00E33199 /* Project object */;
			proxyType = 1;
			remoteGlobalIDString = CF7D180326510DBF003A3DA9;
			remoteInfo = Presentation;
		};
/* End PBXContainerItemProxy section */

/* Begin PBXCopyFilesBuildPhase section */
		CF21C3302655A5BF00CBD7F8 /* Embed Frameworks */ = {
			isa = PBXCopyFilesBuildPhase;
			buildActionMask = 2147483647;
			dstPath = "";
			dstSubfolderSpec = 10;
			files = (
				CFD8A94A26581B4D000D4BF3 /* Data.framework in Embed Frameworks */,
				CF21C32F2655A5BF00CBD7F8 /* Core.framework in Embed Frameworks */,
			);
			name = "Embed Frameworks";
			runOnlyForDeploymentPostprocessing = 0;
		};
/* End PBXCopyFilesBuildPhase section */

/* Begin PBXFileReference section */
		CF7D180426510DBF003A3DA9 /* Presentation.framework */ = {isa = PBXFileReference; explicitFileType = wrapper.framework; includeInIndex = 0; path = Presentation.framework; sourceTree = BUILT_PRODUCTS_DIR; };
		CF7D180726510DBF003A3DA9 /* Presentation.h */ = {isa = PBXFileReference; lastKnownFileType = sourcecode.c.h; path = Presentation.h; sourceTree = "<group>"; };
		CF7D180826510DBF003A3DA9 /* Info.plist */ = {isa = PBXFileReference; lastKnownFileType = text.plist.xml; path = Info.plist; sourceTree = "<group>"; };
		CF7D180D26510DBF003A3DA9 /* PresentationTests.xctest */ = {isa = PBXFileReference; explicitFileType = wrapper.cfbundle; includeInIndex = 0; path = PresentationTests.xctest; sourceTree = BUILT_PRODUCTS_DIR; };
		CF7D181426510DBF003A3DA9 /* Info.plist */ = {isa = PBXFileReference; lastKnownFileType = text.plist.xml; path = Info.plist; sourceTree = "<group>"; };
		CF8DD17F2657B095007B68D8 /* PresentationTests-Bridging-Header.h */ = {isa = PBXFileReference; lastKnownFileType = sourcecode.c.h; path = "PresentationTests-Bridging-Header.h"; sourceTree = "<group>"; };
		CF8DD1802657B095007B68D8 /* LaunchPresentableItemInfoTests.swift */ = {isa = PBXFileReference; lastKnownFileType = sourcecode.swift; path = LaunchPresentableItemInfoTests.swift; sourceTree = "<group>"; };
		CFD8A94826581B4D000D4BF3 /* Data.framework */ = {isa = PBXFileReference; explicitFileType = wrapper.framework; path = Data.framework; sourceTree = BUILT_PRODUCTS_DIR; };
		CFF43E452653F6570029698D /* ListPresesnter.swift */ = {isa = PBXFileReference; lastKnownFileType = sourcecode.swift; path = ListPresesnter.swift; sourceTree = "<group>"; };
		CFF43E4A265414A90029698D /* Presenter.swift */ = {isa = PBXFileReference; lastKnownFileType = sourcecode.swift; path = Presenter.swift; sourceTree = "<group>"; };
		CFF43E4E2654254F0029698D /* ProcessingDisplayable.swift */ = {isa = PBXFileReference; lastKnownFileType = sourcecode.swift; path = ProcessingDisplayable.swift; sourceTree = "<group>"; };
		CFF43E69265442230029698D /* ViewReloader.swift */ = {isa = PBXFileReference; lastKnownFileType = sourcecode.swift; path = ViewReloader.swift; sourceTree = "<group>"; };
		CFF43E7B26545FED0029698D /* LaunchPresentableItem.swift */ = {isa = PBXFileReference; lastKnownFileType = sourcecode.swift; path = LaunchPresentableItem.swift; sourceTree = "<group>"; };
		CFF43E7F265462460029698D /* CompanyInfoPresentableItem.swift */ = {isa = PBXFileReference; lastKnownFileType = sourcecode.swift; path = CompanyInfoPresentableItem.swift; sourceTree = "<group>"; };
		CFFF1D2C26556E880018B57D /* Data.framework */ = {isa = PBXFileReference; explicitFileType = wrapper.framework; path = Data.framework; sourceTree = BUILT_PRODUCTS_DIR; };
		CFFF1D3126556E920018B57D /* Core.framework */ = {isa = PBXFileReference; explicitFileType = wrapper.framework; path = Core.framework; sourceTree = BUILT_PRODUCTS_DIR; };
		CFFF1D4D26556FDD0018B57D /* Routing.framework */ = {isa = PBXFileReference; explicitFileType = wrapper.framework; path = Routing.framework; sourceTree = BUILT_PRODUCTS_DIR; };
		CFFF1E58265590110018B57D /* HeaderPresentableItem.swift */ = {isa = PBXFileReference; lastKnownFileType = sourcecode.swift; path = HeaderPresentableItem.swift; sourceTree = "<group>"; };
/* End PBXFileReference section */

/* Begin PBXFrameworksBuildPhase section */
		CF7D180126510DBF003A3DA9 /* Frameworks */ = {
			isa = PBXFrameworksBuildPhase;
			buildActionMask = 2147483647;
			files = (
				CFD8A94926581B4D000D4BF3 /* Data.framework in Frameworks */,
				CF21C32E2655A5BF00CBD7F8 /* Core.framework in Frameworks */,
			);
			runOnlyForDeploymentPostprocessing = 0;
		};
		CF7D180A26510DBF003A3DA9 /* Frameworks */ = {
			isa = PBXFrameworksBuildPhase;
			buildActionMask = 2147483647;
			files = (
				CF7D180E26510DBF003A3DA9 /* Presentation.framework in Frameworks */,
			);
			runOnlyForDeploymentPostprocessing = 0;
		};
/* End PBXFrameworksBuildPhase section */

/* Begin PBXGroup section */
		CF4D56D72650453F00E33199 = {
			isa = PBXGroup;
			children = (
				CF7D180626510DBF003A3DA9 /* Presentation */,
				CF7D181126510DBF003A3DA9 /* PresentationTests */,
				CF7D180526510DBF003A3DA9 /* Products */,
				CFFF1D2B26556E880018B57D /* Frameworks */,
			);
			sourceTree = "<group>";
		};
		CF7D180526510DBF003A3DA9 /* Products */ = {
			isa = PBXGroup;
			children = (
				CF7D180426510DBF003A3DA9 /* Presentation.framework */,
				CF7D180D26510DBF003A3DA9 /* PresentationTests.xctest */,
			);
			name = Products;
			sourceTree = "<group>";
		};
		CF7D180626510DBF003A3DA9 /* Presentation */ = {
			isa = PBXGroup;
			children = (
				CF7D180726510DBF003A3DA9 /* Presentation.h */,
				CFF43E4D265424530029698D /* Output */,
				CFF43E4C265424420029698D /* Presenters */,
				CFF43E432653F5B60029698D /* SupportingFiles */,
			);
			path = Presentation;
			sourceTree = "<group>";
		};
		CF7D181126510DBF003A3DA9 /* PresentationTests */ = {
			isa = PBXGroup;
			children = (
				CFF43E442653F5CB0029698D /* SupportingFiles */,
			);
			path = PresentationTests;
			sourceTree = "<group>";
		};
		CF8DD17D2657B065007B68D8 /* Tests */ = {
			isa = PBXGroup;
			children = (
				CF8DD1802657B095007B68D8 /* LaunchPresentableItemInfoTests.swift */,
			);
			path = Tests;
			sourceTree = "<group>";
		};
		CFF43E432653F5B60029698D /* SupportingFiles */ = {
			isa = PBXGroup;
			children = (
				CF7D180826510DBF003A3DA9 /* Info.plist */,
			);
			path = SupportingFiles;
			sourceTree = "<group>";
		};
		CFF43E442653F5CB0029698D /* SupportingFiles */ = {
			isa = PBXGroup;
			children = (
				CF7D181426510DBF003A3DA9 /* Info.plist */,
				CF8DD17F2657B095007B68D8 /* PresentationTests-Bridging-Header.h */,
			);
			path = SupportingFiles;
			sourceTree = "<group>";
		};
		CFF43E4C265424420029698D /* Presenters */ = {
			isa = PBXGroup;
			children = (
				CFF43E7F265462460029698D /* CompanyInfoPresentableItem.swift */,
				CFFF1E58265590110018B57D /* HeaderPresentableItem.swift */,
				CFF43E7B26545FED0029698D /* LaunchPresentableItem.swift */,
				CFF43E452653F6570029698D /* ListPresesnter.swift */,
				CFF43E4A265414A90029698D /* Presenter.swift */,
				CF8DD17D2657B065007B68D8 /* Tests */,
			);
			path = Presenters;
			sourceTree = "<group>";
		};
		CFF43E4D265424530029698D /* Output */ = {
			isa = PBXGroup;
			children = (
				CFF43E4E2654254F0029698D /* ProcessingDisplayable.swift */,
				CFF43E69265442230029698D /* ViewReloader.swift */,
			);
			path = Output;
			sourceTree = "<group>";
		};
		CFFF1D2B26556E880018B57D /* Frameworks */ = {
			isa = PBXGroup;
			children = (
				CFD8A94826581B4D000D4BF3 /* Data.framework */,
				CFFF1D4D26556FDD0018B57D /* Routing.framework */,
				CFFF1D3126556E920018B57D /* Core.framework */,
				CFFF1D2C26556E880018B57D /* Data.framework */,
			);
			name = Frameworks;
			sourceTree = "<group>";
		};
/* End PBXGroup section */

/* Begin PBXHeadersBuildPhase section */
		CF7D17FF26510DBF003A3DA9 /* Headers */ = {
			isa = PBXHeadersBuildPhase;
			buildActionMask = 2147483647;
			files = (
				CF7D181526510DBF003A3DA9 /* Presentation.h in Headers */,
			);
			runOnlyForDeploymentPostprocessing = 0;
		};
/* End PBXHeadersBuildPhase section */

/* Begin PBXNativeTarget section */
		CF7D180326510DBF003A3DA9 /* Presentation */ = {
			isa = PBXNativeTarget;
			buildConfigurationList = CF7D181A26510DBF003A3DA9 /* Build configuration list for PBXNativeTarget "Presentation" */;
			buildPhases = (
				CF7D17FF26510DBF003A3DA9 /* Headers */,
				CF7D180026510DBF003A3DA9 /* Sources */,
				CF7D180126510DBF003A3DA9 /* Frameworks */,
				CF7D180226510DBF003A3DA9 /* Resources */,
				CF21C3302655A5BF00CBD7F8 /* Embed Frameworks */,
			);
			buildRules = (
			);
			dependencies = (
			);
			name = Presentation;
			productName = Presentation;
			productReference = CF7D180426510DBF003A3DA9 /* Presentation.framework */;
			productType = "com.apple.product-type.framework";
		};
		CF7D180C26510DBF003A3DA9 /* PresentationTests */ = {
			isa = PBXNativeTarget;
			buildConfigurationList = CF7D181B26510DBF003A3DA9 /* Build configuration list for PBXNativeTarget "PresentationTests" */;
			buildPhases = (
				CF7D180926510DBF003A3DA9 /* Sources */,
				CF7D180A26510DBF003A3DA9 /* Frameworks */,
				CF7D180B26510DBF003A3DA9 /* Resources */,
			);
			buildRules = (
			);
			dependencies = (
				CF7D181026510DBF003A3DA9 /* PBXTargetDependency */,
			);
			name = PresentationTests;
			productName = PresentationTests;
			productReference = CF7D180D26510DBF003A3DA9 /* PresentationTests.xctest */;
			productType = "com.apple.product-type.bundle.unit-test";
		};
/* End PBXNativeTarget section */

/* Begin PBXProject section */
		CF4D56D82650453F00E33199 /* Project object */ = {
			isa = PBXProject;
			attributes = {
				LastSwiftUpdateCheck = 1250;
				LastUpgradeCheck = 1250;
				TargetAttributes = {
					CF7D180326510DBF003A3DA9 = {
						CreatedOnToolsVersion = 12.5;
						LastSwiftMigration = 1250;
					};
					CF7D180C26510DBF003A3DA9 = {
						CreatedOnToolsVersion = 12.5;
						LastSwiftMigration = 1250;
					};
				};
			};
			buildConfigurationList = CF4D56DB2650453F00E33199 /* Build configuration list for PBXProject "Presentation" */;
			compatibilityVersion = "Xcode 9.3";
			developmentRegion = en;
			hasScannedForEncodings = 0;
			knownRegions = (
				en,
				Base,
			);
			mainGroup = CF4D56D72650453F00E33199;
			productRefGroup = CF7D180526510DBF003A3DA9 /* Products */;
			projectDirPath = "";
			projectRoot = "";
			targets = (
				CF7D180326510DBF003A3DA9 /* Presentation */,
				CF7D180C26510DBF003A3DA9 /* PresentationTests */,
			);
		};
/* End PBXProject section */

/* Begin PBXResourcesBuildPhase section */
		CF7D180226510DBF003A3DA9 /* Resources */ = {
			isa = PBXResourcesBuildPhase;
			buildActionMask = 2147483647;
			files = (
			);
			runOnlyForDeploymentPostprocessing = 0;
		};
		CF7D180B26510DBF003A3DA9 /* Resources */ = {
			isa = PBXResourcesBuildPhase;
			buildActionMask = 2147483647;
			files = (
			);
			runOnlyForDeploymentPostprocessing = 0;
		};
/* End PBXResourcesBuildPhase section */

/* Begin PBXSourcesBuildPhase section */
		CF7D180026510DBF003A3DA9 /* Sources */ = {
			isa = PBXSourcesBuildPhase;
			buildActionMask = 2147483647;
			files = (
				CFF43E80265462460029698D /* CompanyInfoPresentableItem.swift in Sources */,
				CFF43E4B265414A90029698D /* Presenter.swift in Sources */,
				CFFF1E59265590110018B57D /* HeaderPresentableItem.swift in Sources */,
				CFF43E4F2654254F0029698D /* ProcessingDisplayable.swift in Sources */,
				CFF43E6A265442230029698D /* ViewReloader.swift in Sources */,
				CFF43E462653F6570029698D /* ListPresesnter.swift in Sources */,
				CFF43E7C26545FED0029698D /* LaunchPresentableItem.swift in Sources */,
			);
			runOnlyForDeploymentPostprocessing = 0;
		};
		CF7D180926510DBF003A3DA9 /* Sources */ = {
			isa = PBXSourcesBuildPhase;
			buildActionMask = 2147483647;
			files = (
				CF8DD1812657B096007B68D8 /* LaunchPresentableItemInfoTests.swift in Sources */,
			);
			runOnlyForDeploymentPostprocessing = 0;
		};
/* End PBXSourcesBuildPhase section */

/* Begin PBXTargetDependency section */
		CF7D181026510DBF003A3DA9 /* PBXTargetDependency */ = {
			isa = PBXTargetDependency;
			target = CF7D180326510DBF003A3DA9 /* Presentation */;
			targetProxy = CF7D180F26510DBF003A3DA9 /* PBXContainerItemProxy */;
		};
/* End PBXTargetDependency section */

/* Begin XCBuildConfiguration section */
		CF4D56DC2650453F00E33199 /* Debug */ = {
			isa = XCBuildConfiguration;
			buildSettings = {
			};
			name = Debug;
		};
		CF4D56DD2650453F00E33199 /* Release */ = {
			isa = XCBuildConfiguration;
			buildSettings = {
			};
			name = Release;
		};
		CF7D181626510DBF003A3DA9 /* Debug */ = {
			isa = XCBuildConfiguration;
			buildSettings = {
				ALWAYS_SEARCH_USER_PATHS = NO;
				CLANG_ANALYZER_NONNULL = YES;
				CLANG_ANALYZER_NUMBER_OBJECT_CONVERSION = YES_AGGRESSIVE;
				CLANG_CXX_LANGUAGE_STANDARD = "gnu++14";
				CLANG_CXX_LIBRARY = "libc++";
				CLANG_ENABLE_MODULES = YES;
				CLANG_ENABLE_OBJC_ARC = YES;
				CLANG_ENABLE_OBJC_WEAK = YES;
				CLANG_WARN_BLOCK_CAPTURE_AUTORELEASING = YES;
				CLANG_WARN_BOOL_CONVERSION = YES;
				CLANG_WARN_COMMA = YES;
				CLANG_WARN_CONSTANT_CONVERSION = YES;
				CLANG_WARN_DEPRECATED_OBJC_IMPLEMENTATIONS = YES;
				CLANG_WARN_DIRECT_OBJC_ISA_USAGE = YES_ERROR;
				CLANG_WARN_DOCUMENTATION_COMMENTS = YES;
				CLANG_WARN_EMPTY_BODY = YES;
				CLANG_WARN_ENUM_CONVERSION = YES;
				CLANG_WARN_INFINITE_RECURSION = YES;
				CLANG_WARN_INT_CONVERSION = YES;
				CLANG_WARN_NON_LITERAL_NULL_CONVERSION = YES;
				CLANG_WARN_OBJC_IMPLICIT_RETAIN_SELF = YES;
				CLANG_WARN_OBJC_LITERAL_CONVERSION = YES;
				CLANG_WARN_OBJC_ROOT_CLASS = YES_ERROR;
				CLANG_WARN_QUOTED_INCLUDE_IN_FRAMEWORK_HEADER = YES;
				CLANG_WARN_RANGE_LOOP_ANALYSIS = YES;
				CLANG_WARN_STRICT_PROTOTYPES = YES;
				CLANG_WARN_SUSPICIOUS_MOVE = YES;
				CLANG_WARN_UNGUARDED_AVAILABILITY = YES_AGGRESSIVE;
				CLANG_WARN_UNREACHABLE_CODE = YES;
				CLANG_WARN__DUPLICATE_METHOD_MATCH = YES;
				CODE_SIGN_STYLE = Automatic;
				COPY_PHASE_STRIP = NO;
				CURRENT_PROJECT_VERSION = 1;
				DEBUG_INFORMATION_FORMAT = dwarf;
				DEFINES_MODULE = YES;
				DEVELOPMENT_TEAM = 33482W4AH2;
				DYLIB_COMPATIBILITY_VERSION = 1;
				DYLIB_CURRENT_VERSION = 1;
				DYLIB_INSTALL_NAME_BASE = "@rpath";
				ENABLE_STRICT_OBJC_MSGSEND = YES;
				ENABLE_TESTABILITY = YES;
				GCC_C_LANGUAGE_STANDARD = gnu11;
				GCC_DYNAMIC_NO_PIC = NO;
				GCC_NO_COMMON_BLOCKS = YES;
				GCC_OPTIMIZATION_LEVEL = 0;
				GCC_PREPROCESSOR_DEFINITIONS = (
					"DEBUG=1",
					"$(inherited)",
				);
				GCC_WARN_64_TO_32_BIT_CONVERSION = YES;
				GCC_WARN_ABOUT_RETURN_TYPE = YES_ERROR;
				GCC_WARN_UNDECLARED_SELECTOR = YES;
				GCC_WARN_UNINITIALIZED_AUTOS = YES_AGGRESSIVE;
				GCC_WARN_UNUSED_FUNCTION = YES;
				GCC_WARN_UNUSED_VARIABLE = YES;
				INFOPLIST_FILE = Presentation/SupportingFiles/Info.plist;
				INSTALL_PATH = "$(LOCAL_LIBRARY_DIR)/Frameworks";
				IPHONEOS_DEPLOYMENT_TARGET = 11.0;
				LD_RUNPATH_SEARCH_PATHS = (
					"$(inherited)",
					"@executable_path/Frameworks",
					"@loader_path/Frameworks",
				);
				MTL_ENABLE_DEBUG_INFO = INCLUDE_SOURCE;
				MTL_FAST_MATH = YES;
				ONLY_ACTIVE_ARCH = YES;
				PRODUCT_BUNDLE_IDENTIFIER = com.reimondhill.Presentation;
				PRODUCT_NAME = "$(TARGET_NAME:c99extidentifier)";
				SDKROOT = iphoneos;
				SKIP_INSTALL = YES;
				SWIFT_ACTIVE_COMPILATION_CONDITIONS = DEBUG;
				SWIFT_OPTIMIZATION_LEVEL = "-Onone";
				SWIFT_VERSION = 5.0;
				TARGETED_DEVICE_FAMILY = "1,2";
				VERSIONING_SYSTEM = "apple-generic";
				VERSION_INFO_PREFIX = "";
			};
			name = Debug;
		};
		CF7D181726510DBF003A3DA9 /* Release */ = {
			isa = XCBuildConfiguration;
			buildSettings = {
				ALWAYS_SEARCH_USER_PATHS = NO;
				CLANG_ANALYZER_NONNULL = YES;
				CLANG_ANALYZER_NUMBER_OBJECT_CONVERSION = YES_AGGRESSIVE;
				CLANG_CXX_LANGUAGE_STANDARD = "gnu++14";
				CLANG_CXX_LIBRARY = "libc++";
				CLANG_ENABLE_MODULES = YES;
				CLANG_ENABLE_OBJC_ARC = YES;
				CLANG_ENABLE_OBJC_WEAK = YES;
				CLANG_WARN_BLOCK_CAPTURE_AUTORELEASING = YES;
				CLANG_WARN_BOOL_CONVERSION = YES;
				CLANG_WARN_COMMA = YES;
				CLANG_WARN_CONSTANT_CONVERSION = YES;
				CLANG_WARN_DEPRECATED_OBJC_IMPLEMENTATIONS = YES;
				CLANG_WARN_DIRECT_OBJC_ISA_USAGE = YES_ERROR;
				CLANG_WARN_DOCUMENTATION_COMMENTS = YES;
				CLANG_WARN_EMPTY_BODY = YES;
				CLANG_WARN_ENUM_CONVERSION = YES;
				CLANG_WARN_INFINITE_RECURSION = YES;
				CLANG_WARN_INT_CONVERSION = YES;
				CLANG_WARN_NON_LITERAL_NULL_CONVERSION = YES;
				CLANG_WARN_OBJC_IMPLICIT_RETAIN_SELF = YES;
				CLANG_WARN_OBJC_LITERAL_CONVERSION = YES;
				CLANG_WARN_OBJC_ROOT_CLASS = YES_ERROR;
				CLANG_WARN_QUOTED_INCLUDE_IN_FRAMEWORK_HEADER = YES;
				CLANG_WARN_RANGE_LOOP_ANALYSIS = YES;
				CLANG_WARN_STRICT_PROTOTYPES = YES;
				CLANG_WARN_SUSPICIOUS_MOVE = YES;
				CLANG_WARN_UNGUARDED_AVAILABILITY = YES_AGGRESSIVE;
				CLANG_WARN_UNREACHABLE_CODE = YES;
				CLANG_WARN__DUPLICATE_METHOD_MATCH = YES;
				CODE_SIGN_STYLE = Automatic;
				COPY_PHASE_STRIP = NO;
				CURRENT_PROJECT_VERSION = 1;
				DEBUG_INFORMATION_FORMAT = "dwarf-with-dsym";
				DEFINES_MODULE = YES;
				DEVELOPMENT_TEAM = 33482W4AH2;
				DYLIB_COMPATIBILITY_VERSION = 1;
				DYLIB_CURRENT_VERSION = 1;
				DYLIB_INSTALL_NAME_BASE = "@rpath";
				ENABLE_NS_ASSERTIONS = NO;
				ENABLE_STRICT_OBJC_MSGSEND = YES;
				GCC_C_LANGUAGE_STANDARD = gnu11;
				GCC_NO_COMMON_BLOCKS = YES;
				GCC_WARN_64_TO_32_BIT_CONVERSION = YES;
				GCC_WARN_ABOUT_RETURN_TYPE = YES_ERROR;
				GCC_WARN_UNDECLARED_SELECTOR = YES;
				GCC_WARN_UNINITIALIZED_AUTOS = YES_AGGRESSIVE;
				GCC_WARN_UNUSED_FUNCTION = YES;
				GCC_WARN_UNUSED_VARIABLE = YES;
				INFOPLIST_FILE = Presentation/SupportingFiles/Info.plist;
				INSTALL_PATH = "$(LOCAL_LIBRARY_DIR)/Frameworks";
				IPHONEOS_DEPLOYMENT_TARGET = 11.0;
				LD_RUNPATH_SEARCH_PATHS = (
					"$(inherited)",
					"@executable_path/Frameworks",
					"@loader_path/Frameworks",
				);
				MTL_ENABLE_DEBUG_INFO = NO;
				MTL_FAST_MATH = YES;
				PRODUCT_BUNDLE_IDENTIFIER = com.reimondhill.Presentation;
				PRODUCT_NAME = "$(TARGET_NAME:c99extidentifier)";
				SDKROOT = iphoneos;
				SKIP_INSTALL = YES;
				SWIFT_COMPILATION_MODE = wholemodule;
				SWIFT_OPTIMIZATION_LEVEL = "-O";
				SWIFT_VERSION = 5.0;
				TARGETED_DEVICE_FAMILY = "1,2";
				VALIDATE_PRODUCT = YES;
				VERSIONING_SYSTEM = "apple-generic";
				VERSION_INFO_PREFIX = "";
			};
			name = Release;
		};
		CF7D181826510DBF003A3DA9 /* Debug */ = {
			isa = XCBuildConfiguration;
			buildSettings = {
				ALWAYS_EMBED_SWIFT_STANDARD_LIBRARIES = YES;
				ALWAYS_SEARCH_USER_PATHS = NO;
				CLANG_ANALYZER_NONNULL = YES;
				CLANG_ANALYZER_NUMBER_OBJECT_CONVERSION = YES_AGGRESSIVE;
				CLANG_CXX_LANGUAGE_STANDARD = "gnu++14";
				CLANG_CXX_LIBRARY = "libc++";
				CLANG_ENABLE_MODULES = YES;
				CLANG_ENABLE_OBJC_ARC = YES;
				CLANG_ENABLE_OBJC_WEAK = YES;
				CLANG_WARN_BLOCK_CAPTURE_AUTORELEASING = YES;
				CLANG_WARN_BOOL_CONVERSION = YES;
				CLANG_WARN_COMMA = YES;
				CLANG_WARN_CONSTANT_CONVERSION = YES;
				CLANG_WARN_DEPRECATED_OBJC_IMPLEMENTATIONS = YES;
				CLANG_WARN_DIRECT_OBJC_ISA_USAGE = YES_ERROR;
				CLANG_WARN_DOCUMENTATION_COMMENTS = YES;
				CLANG_WARN_EMPTY_BODY = YES;
				CLANG_WARN_ENUM_CONVERSION = YES;
				CLANG_WARN_INFINITE_RECURSION = YES;
				CLANG_WARN_INT_CONVERSION = YES;
				CLANG_WARN_NON_LITERAL_NULL_CONVERSION = YES;
				CLANG_WARN_OBJC_IMPLICIT_RETAIN_SELF = YES;
				CLANG_WARN_OBJC_LITERAL_CONVERSION = YES;
				CLANG_WARN_OBJC_ROOT_CLASS = YES_ERROR;
				CLANG_WARN_QUOTED_INCLUDE_IN_FRAMEWORK_HEADER = YES;
				CLANG_WARN_RANGE_LOOP_ANALYSIS = YES;
				CLANG_WARN_STRICT_PROTOTYPES = YES;
				CLANG_WARN_SUSPICIOUS_MOVE = YES;
				CLANG_WARN_UNGUARDED_AVAILABILITY = YES_AGGRESSIVE;
				CLANG_WARN_UNREACHABLE_CODE = YES;
				CLANG_WARN__DUPLICATE_METHOD_MATCH = YES;
				CODE_SIGN_STYLE = Automatic;
				COPY_PHASE_STRIP = NO;
				DEBUG_INFORMATION_FORMAT = dwarf;
				DEVELOPMENT_TEAM = 33482W4AH2;
				ENABLE_STRICT_OBJC_MSGSEND = YES;
				ENABLE_TESTABILITY = YES;
				GCC_C_LANGUAGE_STANDARD = gnu11;
				GCC_DYNAMIC_NO_PIC = NO;
				GCC_NO_COMMON_BLOCKS = YES;
				GCC_OPTIMIZATION_LEVEL = 0;
				GCC_PREPROCESSOR_DEFINITIONS = (
					"DEBUG=1",
					"$(inherited)",
				);
				GCC_WARN_64_TO_32_BIT_CONVERSION = YES;
				GCC_WARN_ABOUT_RETURN_TYPE = YES_ERROR;
				GCC_WARN_UNDECLARED_SELECTOR = YES;
				GCC_WARN_UNINITIALIZED_AUTOS = YES_AGGRESSIVE;
				GCC_WARN_UNUSED_FUNCTION = YES;
				GCC_WARN_UNUSED_VARIABLE = YES;
				INFOPLIST_FILE = PresentationTests/SupportingFiles/Info.plist;
				IPHONEOS_DEPLOYMENT_TARGET = 11.0;
				LD_RUNPATH_SEARCH_PATHS = (
					"$(inherited)",
					"@executable_path/Frameworks",
					"@loader_path/Frameworks",
				);
				MTL_ENABLE_DEBUG_INFO = INCLUDE_SOURCE;
				MTL_FAST_MATH = YES;
				ONLY_ACTIVE_ARCH = YES;
				PRODUCT_BUNDLE_IDENTIFIER = com.reimondhill.PresentationTests;
				PRODUCT_NAME = "$(TARGET_NAME)";
				SDKROOT = iphoneos;
				SWIFT_ACTIVE_COMPILATION_CONDITIONS = DEBUG;
				SWIFT_OBJC_BRIDGING_HEADER = "PresentationTests/SupportingFiles/PresentationTests-Bridging-Header.h";
				SWIFT_OPTIMIZATION_LEVEL = "-Onone";
				SWIFT_VERSION = 5.0;
				TARGETED_DEVICE_FAMILY = "1,2";
			};
			name = Debug;
		};
		CF7D181926510DBF003A3DA9 /* Release */ = {
			isa = XCBuildConfiguration;
			buildSettings = {
				ALWAYS_EMBED_SWIFT_STANDARD_LIBRARIES = YES;
				ALWAYS_SEARCH_USER_PATHS = NO;
				CLANG_ANALYZER_NONNULL = YES;
				CLANG_ANALYZER_NUMBER_OBJECT_CONVERSION = YES_AGGRESSIVE;
				CLANG_CXX_LANGUAGE_STANDARD = "gnu++14";
				CLANG_CXX_LIBRARY = "libc++";
				CLANG_ENABLE_MODULES = YES;
				CLANG_ENABLE_OBJC_ARC = YES;
				CLANG_ENABLE_OBJC_WEAK = YES;
				CLANG_WARN_BLOCK_CAPTURE_AUTORELEASING = YES;
				CLANG_WARN_BOOL_CONVERSION = YES;
				CLANG_WARN_COMMA = YES;
				CLANG_WARN_CONSTANT_CONVERSION = YES;
				CLANG_WARN_DEPRECATED_OBJC_IMPLEMENTATIONS = YES;
				CLANG_WARN_DIRECT_OBJC_ISA_USAGE = YES_ERROR;
				CLANG_WARN_DOCUMENTATION_COMMENTS = YES;
				CLANG_WARN_EMPTY_BODY = YES;
				CLANG_WARN_ENUM_CONVERSION = YES;
				CLANG_WARN_INFINITE_RECURSION = YES;
				CLANG_WARN_INT_CONVERSION = YES;
				CLANG_WARN_NON_LITERAL_NULL_CONVERSION = YES;
				CLANG_WARN_OBJC_IMPLICIT_RETAIN_SELF = YES;
				CLANG_WARN_OBJC_LITERAL_CONVERSION = YES;
				CLANG_WARN_OBJC_ROOT_CLASS = YES_ERROR;
				CLANG_WARN_QUOTED_INCLUDE_IN_FRAMEWORK_HEADER = YES;
				CLANG_WARN_RANGE_LOOP_ANALYSIS = YES;
				CLANG_WARN_STRICT_PROTOTYPES = YES;
				CLANG_WARN_SUSPICIOUS_MOVE = YES;
				CLANG_WARN_UNGUARDED_AVAILABILITY = YES_AGGRESSIVE;
				CLANG_WARN_UNREACHABLE_CODE = YES;
				CLANG_WARN__DUPLICATE_METHOD_MATCH = YES;
				CODE_SIGN_STYLE = Automatic;
				COPY_PHASE_STRIP = NO;
				DEBUG_INFORMATION_FORMAT = "dwarf-with-dsym";
				DEVELOPMENT_TEAM = 33482W4AH2;
				ENABLE_NS_ASSERTIONS = NO;
				ENABLE_STRICT_OBJC_MSGSEND = YES;
				GCC_C_LANGUAGE_STANDARD = gnu11;
				GCC_NO_COMMON_BLOCKS = YES;
				GCC_WARN_64_TO_32_BIT_CONVERSION = YES;
				GCC_WARN_ABOUT_RETURN_TYPE = YES_ERROR;
				GCC_WARN_UNDECLARED_SELECTOR = YES;
				GCC_WARN_UNINITIALIZED_AUTOS = YES_AGGRESSIVE;
				GCC_WARN_UNUSED_FUNCTION = YES;
				GCC_WARN_UNUSED_VARIABLE = YES;
				INFOPLIST_FILE = PresentationTests/SupportingFiles/Info.plist;
				IPHONEOS_DEPLOYMENT_TARGET = 11.0;
				LD_RUNPATH_SEARCH_PATHS = (
					"$(inherited)",
					"@executable_path/Frameworks",
					"@loader_path/Frameworks",
				);
				MTL_ENABLE_DEBUG_INFO = NO;
				MTL_FAST_MATH = YES;
				PRODUCT_BUNDLE_IDENTIFIER = com.reimondhill.PresentationTests;
				PRODUCT_NAME = "$(TARGET_NAME)";
				SDKROOT = iphoneos;
				SWIFT_COMPILATION_MODE = wholemodule;
				SWIFT_OBJC_BRIDGING_HEADER = "PresentationTests/SupportingFiles/PresentationTests-Bridging-Header.h";
				SWIFT_OPTIMIZATION_LEVEL = "-O";
				SWIFT_VERSION = 5.0;
				TARGETED_DEVICE_FAMILY = "1,2";
				VALIDATE_PRODUCT = YES;
			};
			name = Release;
		};
/* End XCBuildConfiguration section */

/* Begin XCConfigurationList section */
		CF4D56DB2650453F00E33199 /* Build configuration list for PBXProject "Presentation" */ = {
			isa = XCConfigurationList;
			buildConfigurations = (
				CF4D56DC2650453F00E33199 /* Debug */,
				CF4D56DD2650453F00E33199 /* Release */,
			);
			defaultConfigurationIsVisible = 0;
			defaultConfigurationName = Release;
		};
		CF7D181A26510DBF003A3DA9 /* Build configuration list for PBXNativeTarget "Presentation" */ = {
			isa = XCConfigurationList;
			buildConfigurations = (
				CF7D181626510DBF003A3DA9 /* Debug */,
				CF7D181726510DBF003A3DA9 /* Release */,
			);
			defaultConfigurationIsVisible = 0;
			defaultConfigurationName = Release;
		};
		CF7D181B26510DBF003A3DA9 /* Build configuration list for PBXNativeTarget "PresentationTests" */ = {
			isa = XCConfigurationList;
			buildConfigurations = (
				CF7D181826510DBF003A3DA9 /* Debug */,
				CF7D181926510DBF003A3DA9 /* Release */,
			);
			defaultConfigurationIsVisible = 0;
			defaultConfigurationName = Release;
		};
/* End XCConfigurationList section */
	};
	rootObject = CF4D56D82650453F00E33199 /* Project object */;
}
